// !$*UTF8*$!
{
	archiveVersion = 1;
	classes = {
	};
	objectVersion = 48;
	objects = {

/* Begin PBXBuildFile section */
		33930FC820659A8200DEB62D /* WebBrowserViewController.swift in Sources */ = {isa = PBXBuildFile; fileRef = 33930FC720659A8200DEB62D /* WebBrowserViewController.swift */; };
		33DE5532206598FB00910402 /* AppDelegate.swift in Sources */ = {isa = PBXBuildFile; fileRef = 33DE5531206598FB00910402 /* AppDelegate.swift */; };
		33DE5537206598FB00910402 /* Main.storyboard in Resources */ = {isa = PBXBuildFile; fileRef = 33DE5535206598FB00910402 /* Main.storyboard */; };
		33DE553A206598FB00910402 /* TrackOFF.xcdatamodeld in Sources */ = {isa = PBXBuildFile; fileRef = 33DE5538206598FB00910402 /* TrackOFF.xcdatamodeld */; };
		33DE553C206598FB00910402 /* Assets.xcassets in Resources */ = {isa = PBXBuildFile; fileRef = 33DE553B206598FB00910402 /* Assets.xcassets */; };
		33DE553F206598FB00910402 /* LaunchScreen.storyboard in Resources */ = {isa = PBXBuildFile; fileRef = 33DE553D206598FB00910402 /* LaunchScreen.storyboard */; };
		33ED46282065B78300B58B3A /* JavaScriptParserViewController.swift in Sources */ = {isa = PBXBuildFile; fileRef = 33ED46272065B78300B58B3A /* JavaScriptParserViewController.swift */; };
		4D06DF8E42A9F112636493A9 /* Pods_TrackOFF.framework in Frameworks */ = {isa = PBXBuildFile; fileRef = 0461642D44F71C11B16AE81E /* Pods_TrackOFF.framework */; };
/* End PBXBuildFile section */

/* Begin PBXFileReference section */
		0461642D44F71C11B16AE81E /* Pods_TrackOFF.framework */ = {isa = PBXFileReference; explicitFileType = wrapper.framework; includeInIndex = 0; path = Pods_TrackOFF.framework; sourceTree = BUILT_PRODUCTS_DIR; };
		22A074B3E2D10B08EBB1C626 /* Pods-TrackOFF.release.xcconfig */ = {isa = PBXFileReference; includeInIndex = 1; lastKnownFileType = text.xcconfig; name = "Pods-TrackOFF.release.xcconfig"; path = "Pods/Target Support Files/Pods-TrackOFF/Pods-TrackOFF.release.xcconfig"; sourceTree = "<group>"; };
		33930FC720659A8200DEB62D /* WebBrowserViewController.swift */ = {isa = PBXFileReference; lastKnownFileType = sourcecode.swift; path = WebBrowserViewController.swift; sourceTree = "<group>"; };
		33DE552E206598FB00910402 /* TrackOFF.app */ = {isa = PBXFileReference; explicitFileType = wrapper.application; includeInIndex = 0; path = TrackOFF.app; sourceTree = BUILT_PRODUCTS_DIR; };
		33DE5531206598FB00910402 /* AppDelegate.swift */ = {isa = PBXFileReference; lastKnownFileType = sourcecode.swift; path = AppDelegate.swift; sourceTree = "<group>"; };
		33DE5536206598FB00910402 /* Base */ = {isa = PBXFileReference; lastKnownFileType = file.storyboard; name = Base; path = Base.lproj/Main.storyboard; sourceTree = "<group>"; };
		33DE5539206598FB00910402 /* TrackOFF.xcdatamodel */ = {isa = PBXFileReference; lastKnownFileType = wrapper.xcdatamodel; path = TrackOFF.xcdatamodel; sourceTree = "<group>"; };
		33DE553B206598FB00910402 /* Assets.xcassets */ = {isa = PBXFileReference; lastKnownFileType = folder.assetcatalog; path = Assets.xcassets; sourceTree = "<group>"; };
		33DE553E206598FB00910402 /* Base */ = {isa = PBXFileReference; lastKnownFileType = file.storyboard; name = Base; path = Base.lproj/LaunchScreen.storyboard; sourceTree = "<group>"; };
		33DE5540206598FB00910402 /* Info.plist */ = {isa = PBXFileReference; lastKnownFileType = text.plist.xml; path = Info.plist; sourceTree = "<group>"; };
		33ED46272065B78300B58B3A /* JavaScriptParserViewController.swift */ = {isa = PBXFileReference; lastKnownFileType = sourcecode.swift; path = JavaScriptParserViewController.swift; sourceTree = "<group>"; };
		4ADB7A9E6A48AEC7158DCC38 /* Pods-TrackOFF.debug.xcconfig */ = {isa = PBXFileReference; includeInIndex = 1; lastKnownFileType = text.xcconfig; name = "Pods-TrackOFF.debug.xcconfig"; path = "Pods/Target Support Files/Pods-TrackOFF/Pods-TrackOFF.debug.xcconfig"; sourceTree = "<group>"; };
/* End PBXFileReference section */

/* Begin PBXFrameworksBuildPhase section */
		33DE552B206598FB00910402 /* Frameworks */ = {
			isa = PBXFrameworksBuildPhase;
			buildActionMask = 2147483647;
			files = (
				4D06DF8E42A9F112636493A9 /* Pods_TrackOFF.framework in Frameworks */,
			);
			runOnlyForDeploymentPostprocessing = 0;
		};
/* End PBXFrameworksBuildPhase section */

/* Begin PBXGroup section */
		336AEEA72068845200896D4B /* JavaScriptParser */ = {
			isa = PBXGroup;
			children = (
				336AEEA82068846200896D4B /* View */,
			);
			path = JavaScriptParser;
			sourceTree = "<group>";
		};
		336AEEA82068846200896D4B /* View */ = {
			isa = PBXGroup;
			children = (
				33ED46272065B78300B58B3A /* JavaScriptParserViewController.swift */,
			);
			path = View;
			sourceTree = "<group>";
		};
		336AEEA92068847000896D4B /* WebBrowser */ = {
			isa = PBXGroup;
			children = (
				336AEEAA2068847900896D4B /* View */,
			);
			path = WebBrowser;
			sourceTree = "<group>";
		};
		336AEEAA2068847900896D4B /* View */ = {
			isa = PBXGroup;
			children = (
				33930FC720659A8200DEB62D /* WebBrowserViewController.swift */,
			);
			path = View;
			sourceTree = "<group>";
		};
		33DE5525206598FB00910402 = {
			isa = PBXGroup;
			children = (
				33DE5530206598FB00910402 /* TrackOFF */,
				33DE552F206598FB00910402 /* Products */,
				CD300D4DFFA8F337CC4F33B3 /* Pods */,
				DFFBC687FA172C2C286420D4 /* Frameworks */,
			);
			sourceTree = "<group>";
		};
		33DE552F206598FB00910402 /* Products */ = {
			isa = PBXGroup;
			children = (
				33DE552E206598FB00910402 /* TrackOFF.app */,
			);
			name = Products;
			sourceTree = "<group>";
		};
		33DE5530206598FB00910402 /* TrackOFF */ = {
			isa = PBXGroup;
			children = (
				336AEEA92068847000896D4B /* WebBrowser */,
				336AEEA72068845200896D4B /* JavaScriptParser */,
				33DE5531206598FB00910402 /* AppDelegate.swift */,
				33DE5535206598FB00910402 /* Main.storyboard */,
				33DE553B206598FB00910402 /* Assets.xcassets */,
				33DE553D206598FB00910402 /* LaunchScreen.storyboard */,
				33DE5540206598FB00910402 /* Info.plist */,
				33DE5538206598FB00910402 /* TrackOFF.xcdatamodeld */,
			);
			path = TrackOFF;
			sourceTree = "<group>";
		};
		CD300D4DFFA8F337CC4F33B3 /* Pods */ = {
			isa = PBXGroup;
			children = (
				4ADB7A9E6A48AEC7158DCC38 /* Pods-TrackOFF.debug.xcconfig */,
				22A074B3E2D10B08EBB1C626 /* Pods-TrackOFF.release.xcconfig */,
			);
			name = Pods;
			sourceTree = "<group>";
		};
		DFFBC687FA172C2C286420D4 /* Frameworks */ = {
			isa = PBXGroup;
			children = (
				0461642D44F71C11B16AE81E /* Pods_TrackOFF.framework */,
			);
			name = Frameworks;
			sourceTree = "<group>";
		};
/* End PBXGroup section */

/* Begin PBXNativeTarget section */
		33DE552D206598FB00910402 /* TrackOFF */ = {
			isa = PBXNativeTarget;
			buildConfigurationList = 33DE5543206598FB00910402 /* Build configuration list for PBXNativeTarget "TrackOFF" */;
			buildPhases = (
				306816A6AA2C70A2BAFA31B8 /* [CP] Check Pods Manifest.lock */,
				33DE552A206598FB00910402 /* Sources */,
				33DE552B206598FB00910402 /* Frameworks */,
				33DE552C206598FB00910402 /* Resources */,
				B3072BB7F7D61D3ABDFC1CCD /* [CP] Embed Pods Frameworks */,
				1B39813243F22B2AC12E7B06 /* [CP] Copy Pods Resources */,
			);
			buildRules = (
			);
			dependencies = (
			);
			name = TrackOFF;
			productName = TrackOFF;
			productReference = 33DE552E206598FB00910402 /* TrackOFF.app */;
			productType = "com.apple.product-type.application";
		};
/* End PBXNativeTarget section */

/* Begin PBXProject section */
		33DE5526206598FB00910402 /* Project object */ = {
			isa = PBXProject;
			attributes = {
				LastSwiftUpdateCheck = 0920;
				LastUpgradeCheck = 0920;
				ORGANIZATIONNAME = Test;
				TargetAttributes = {
					33DE552D206598FB00910402 = {
						CreatedOnToolsVersion = 9.2;
						ProvisioningStyle = Automatic;
					};
				};
			};
			buildConfigurationList = 33DE5529206598FB00910402 /* Build configuration list for PBXProject "TrackOFF" */;
			compatibilityVersion = "Xcode 8.0";
			developmentRegion = en;
			hasScannedForEncodings = 0;
			knownRegions = (
				en,
				Base,
			);
			mainGroup = 33DE5525206598FB00910402;
			productRefGroup = 33DE552F206598FB00910402 /* Products */;
			projectDirPath = "";
			projectRoot = "";
			targets = (
				33DE552D206598FB00910402 /* TrackOFF */,
			);
		};
/* End PBXProject section */

/* Begin PBXResourcesBuildPhase section */
		33DE552C206598FB00910402 /* Resources */ = {
			isa = PBXResourcesBuildPhase;
			buildActionMask = 2147483647;
			files = (
				33DE553F206598FB00910402 /* LaunchScreen.storyboard in Resources */,
				33DE553C206598FB00910402 /* Assets.xcassets in Resources */,
				33DE5537206598FB00910402 /* Main.storyboard in Resources */,
			);
			runOnlyForDeploymentPostprocessing = 0;
		};
/* End PBXResourcesBuildPhase section */

/* Begin PBXShellScriptBuildPhase section */
		1B39813243F22B2AC12E7B06 /* [CP] Copy Pods Resources */ = {
			isa = PBXShellScriptBuildPhase;
			buildActionMask = 2147483647;
			files = (
			);
			inputPaths = (
			);
			name = "[CP] Copy Pods Resources";
			outputPaths = (
			);
			runOnlyForDeploymentPostprocessing = 0;
			shellPath = /bin/sh;
			shellScript = "\"${SRCROOT}/Pods/Target Support Files/Pods-TrackOFF/Pods-TrackOFF-resources.sh\"\n";
			showEnvVarsInLog = 0;
		};
		306816A6AA2C70A2BAFA31B8 /* [CP] Check Pods Manifest.lock */ = {
			isa = PBXShellScriptBuildPhase;
			buildActionMask = 2147483647;
			files = (
			);
			inputPaths = (
			);
			name = "[CP] Check Pods Manifest.lock";
			outputPaths = (
			);
			runOnlyForDeploymentPostprocessing = 0;
			shellPath = /bin/sh;
			shellScript = "diff \"${PODS_PODFILE_DIR_PATH}/Podfile.lock\" \"${PODS_ROOT}/Manifest.lock\" > /dev/null\nif [ $? != 0 ] ; then\n    # print error to STDERR\n    echo \"error: The sandbox is not in sync with the Podfile.lock. Run 'pod install' or update your CocoaPods installation.\" >&2\n    exit 1\nfi\n";
			showEnvVarsInLog = 0;
		};
		B3072BB7F7D61D3ABDFC1CCD /* [CP] Embed Pods Frameworks */ = {
			isa = PBXShellScriptBuildPhase;
			buildActionMask = 2147483647;
			files = (
			);
			inputPaths = (
			);
			name = "[CP] Embed Pods Frameworks";
			outputPaths = (
			);
			runOnlyForDeploymentPostprocessing = 0;
			shellPath = /bin/sh;
			shellScript = "\"${SRCROOT}/Pods/Target Support Files/Pods-TrackOFF/Pods-TrackOFF-frameworks.sh\"\n";
			showEnvVarsInLog = 0;
		};
/* End PBXShellScriptBuildPhase section */

/* Begin PBXSourcesBuildPhase section */
		33DE552A206598FB00910402 /* Sources */ = {
			isa = PBXSourcesBuildPhase;
			buildActionMask = 2147483647;
			files = (
				33DE553A206598FB00910402 /* TrackOFF.xcdatamodeld in Sources */,
				33DE5532206598FB00910402 /* AppDelegate.swift in Sources */,
				33ED46282065B78300B58B3A /* JavaScriptParserViewController.swift in Sources */,
				33930FC820659A8200DEB62D /* WebBrowserViewController.swift in Sources */,
			);
			runOnlyForDeploymentPostprocessing = 0;
		};
/* End PBXSourcesBuildPhase section */

/* Begin PBXVariantGroup section */
		33DE5535206598FB00910402 /* Main.storyboard */ = {
			isa = PBXVariantGroup;
			children = (
				33DE5536206598FB00910402 /* Base */,
			);
			name = Main.storyboard;
			sourceTree = "<group>";
		};
		33DE553D206598FB00910402 /* LaunchScreen.storyboard */ = {
			isa = PBXVariantGroup;
			children = (
				33DE553E206598FB00910402 /* Base */,
			);
			name = LaunchScreen.storyboard;
			sourceTree = "<group>";
		};
/* End PBXVariantGroup section */

/* Begin XCBuildConfiguration section */
		33DE5541206598FB00910402 /* Debug */ = {
			isa = XCBuildConfiguration;
			buildSettings = {
				ALWAYS_SEARCH_USER_PATHS = NO;
				CLANG_ANALYZER_NONNULL = YES;
				CLANG_ANALYZER_NUMBER_OBJECT_CONVERSION = YES_AGGRESSIVE;
				CLANG_CXX_LANGUAGE_STANDARD = "gnu++14";
				CLANG_CXX_LIBRARY = "libc++";
				CLANG_ENABLE_MODULES = YES;
				CLANG_ENABLE_OBJC_ARC = YES;
				CLANG_WARN_BLOCK_CAPTURE_AUTORELEASING = YES;
				CLANG_WARN_BOOL_CONVERSION = YES;
				CLANG_WARN_COMMA = YES;
				CLANG_WARN_CONSTANT_CONVERSION = YES;
				CLANG_WARN_DIRECT_OBJC_ISA_USAGE = YES_ERROR;
				CLANG_WARN_DOCUMENTATION_COMMENTS = YES;
				CLANG_WARN_EMPTY_BODY = YES;
				CLANG_WARN_ENUM_CONVERSION = YES;
				CLANG_WARN_INFINITE_RECURSION = YES;
				CLANG_WARN_INT_CONVERSION = YES;
				CLANG_WARN_NON_LITERAL_NULL_CONVERSION = YES;
				CLANG_WARN_OBJC_LITERAL_CONVERSION = YES;
				CLANG_WARN_OBJC_ROOT_CLASS = YES_ERROR;
				CLANG_WARN_RANGE_LOOP_ANALYSIS = YES;
				CLANG_WARN_STRICT_PROTOTYPES = YES;
				CLANG_WARN_SUSPICIOUS_MOVE = YES;
				CLANG_WARN_UNGUARDED_AVAILABILITY = YES_AGGRESSIVE;
				CLANG_WARN_UNREACHABLE_CODE = YES;
				CLANG_WARN__DUPLICATE_METHOD_MATCH = YES;
				CODE_SIGN_IDENTITY = "iPhone Developer";
				COPY_PHASE_STRIP = NO;
				DEBUG_INFORMATION_FORMAT = dwarf;
				ENABLE_STRICT_OBJC_MSGSEND = YES;
				ENABLE_TESTABILITY = YES;
				GCC_C_LANGUAGE_STANDARD = gnu11;
				GCC_DYNAMIC_NO_PIC = NO;
				GCC_NO_COMMON_BLOCKS = YES;
				GCC_OPTIMIZATION_LEVEL = 0;
				GCC_PREPROCESSOR_DEFINITIONS = (
					"DEBUG=1",
					"$(inherited)",
				);
				GCC_WARN_64_TO_32_BIT_CONVERSION = YES;
				GCC_WARN_ABOUT_RETURN_TYPE = YES_ERROR;
				GCC_WARN_UNDECLARED_SELECTOR = YES;
				GCC_WARN_UNINITIALIZED_AUTOS = YES_AGGRESSIVE;
				GCC_WARN_UNUSED_FUNCTION = YES;
				GCC_WARN_UNUSED_VARIABLE = YES;
				IPHONEOS_DEPLOYMENT_TARGET = 11.2;
				MTL_ENABLE_DEBUG_INFO = YES;
				ONLY_ACTIVE_ARCH = YES;
				SDKROOT = iphoneos;
				SWIFT_ACTIVE_COMPILATION_CONDITIONS = DEBUG;
				SWIFT_OPTIMIZATION_LEVEL = "-Onone";
			};
			name = Debug;
		};
		33DE5542206598FB00910402 /* Release */ = {
			isa = XCBuildConfiguration;
			buildSettings = {
				ALWAYS_SEARCH_USER_PATHS = NO;
				CLANG_ANALYZER_NONNULL = YES;
				CLANG_ANALYZER_NUMBER_OBJECT_CONVERSION = YES_AGGRESSIVE;
				CLANG_CXX_LANGUAGE_STANDARD = "gnu++14";
				CLANG_CXX_LIBRARY = "libc++";
				CLANG_ENABLE_MODULES = YES;
				CLANG_ENABLE_OBJC_ARC = YES;
				CLANG_WARN_BLOCK_CAPTURE_AUTORELEASING = YES;
				CLANG_WARN_BOOL_CONVERSION = YES;
				CLANG_WARN_COMMA = YES;
				CLANG_WARN_CONSTANT_CONVERSION = YES;
				CLANG_WARN_DIRECT_OBJC_ISA_USAGE = YES_ERROR;
				CLANG_WARN_DOCUMENTATION_COMMENTS = YES;
				CLANG_WARN_EMPTY_BODY = YES;
				CLANG_WARN_ENUM_CONVERSION = YES;
				CLANG_WARN_INFINITE_RECURSION = YES;
				CLANG_WARN_INT_CONVERSION = YES;
				CLANG_WARN_NON_LITERAL_NULL_CONVERSION = YES;
				CLANG_WARN_OBJC_LITERAL_CONVERSION = YES;
				CLANG_WARN_OBJC_ROOT_CLASS = YES_ERROR;
				CLANG_WARN_RANGE_LOOP_ANALYSIS = YES;
				CLANG_WARN_STRICT_PROTOTYPES = YES;
				CLANG_WARN_SUSPICIOUS_MOVE = YES;
				CLANG_WARN_UNGUARDED_AVAILABILITY = YES_AGGRESSIVE;
				CLANG_WARN_UNREACHABLE_CODE = YES;
				CLANG_WARN__DUPLICATE_METHOD_MATCH = YES;
				CODE_SIGN_IDENTITY = "iPhone Developer";
				COPY_PHASE_STRIP = NO;
				DEBUG_INFORMATION_FORMAT = "dwarf-with-dsym";
				ENABLE_NS_ASSERTIONS = NO;
				ENABLE_STRICT_OBJC_MSGSEND = YES;
				GCC_C_LANGUAGE_STANDARD = gnu11;
				GCC_NO_COMMON_BLOCKS = YES;
				GCC_WARN_64_TO_32_BIT_CONVERSION = YES;
				GCC_WARN_ABOUT_RETURN_TYPE = YES_ERROR;
				GCC_WARN_UNDECLARED_SELECTOR = YES;
				GCC_WARN_UNINITIALIZED_AUTOS = YES_AGGRESSIVE;
				GCC_WARN_UNUSED_FUNCTION = YES;
				GCC_WARN_UNUSED_VARIABLE = YES;
				IPHONEOS_DEPLOYMENT_TARGET = 11.2;
				MTL_ENABLE_DEBUG_INFO = NO;
				SDKROOT = iphoneos;
				SWIFT_OPTIMIZATION_LEVEL = "-Owholemodule";
				VALIDATE_PRODUCT = YES;
			};
			name = Release;
		};
		33DE5544206598FB00910402 /* Debug */ = {
			isa = XCBuildConfiguration;
			baseConfigurationReference = 4ADB7A9E6A48AEC7158DCC38 /* Pods-TrackOFF.debug.xcconfig */;
			buildSettings = {
				ASSETCATALOG_COMPILER_APPICON_NAME = AppIcon;
				CODE_SIGN_STYLE = Automatic;
				DEVELOPMENT_TEAM = 35U9HEBB6W;
				INFOPLIST_FILE = TrackOFF/Info.plist;
				LD_RUNPATH_SEARCH_PATHS = "$(inherited) @executable_path/Frameworks";
				PRODUCT_BUNDLE_IDENTIFIER = Test.TrackOFF;
				PRODUCT_NAME = "$(TARGET_NAME)";
				SWIFT_VERSION = 4.0;
				TARGETED_DEVICE_FAMILY = "1,2";
			};
			name = Debug;
		};
		33DE5545206598FB00910402 /* Release */ = {
			isa = XCBuildConfiguration;
			baseConfigurationReference = 22A074B3E2D10B08EBB1C626 /* Pods-TrackOFF.release.xcconfig */;
			buildSettings = {
				ASSETCATALOG_COMPILER_APPICON_NAME = AppIcon;
				CODE_SIGN_STYLE = Automatic;
				DEVELOPMENT_TEAM = 35U9HEBB6W;
				INFOPLIST_FILE = TrackOFF/Info.plist;
				LD_RUNPATH_SEARCH_PATHS = "$(inherited) @executable_path/Frameworks";
				PRODUCT_BUNDLE_IDENTIFIER = Test.TrackOFF;
				PRODUCT_NAME = "$(TARGET_NAME)";
				SWIFT_VERSION = 4.0;
				TARGETED_DEVICE_FAMILY = "1,2";
			};
			name = Release;
		};
/* End XCBuildConfiguration section */

/* Begin XCConfigurationList section */
		33DE5529206598FB00910402 /* Build configuration list for PBXProject "TrackOFF" */ = {
			isa = XCConfigurationList;
			buildConfigurations = (
				33DE5541206598FB00910402 /* Debug */,
				33DE5542206598FB00910402 /* Release */,
			);
			defaultConfigurationIsVisible = 0;
			defaultConfigurationName = Release;
		};
		33DE5543206598FB00910402 /* Build configuration list for PBXNativeTarget "TrackOFF" */ = {
			isa = XCConfigurationList;
			buildConfigurations = (
				33DE5544206598FB00910402 /* Debug */,
				33DE5545206598FB00910402 /* Release */,
			);
			defaultConfigurationIsVisible = 0;
			defaultConfigurationName = Release;
		};
/* End XCConfigurationList section */

/* Begin XCVersionGroup section */
		33DE5538206598FB00910402 /* TrackOFF.xcdatamodeld */ = {
			isa = XCVersionGroup;
			children = (
				33DE5539206598FB00910402 /* TrackOFF.xcdatamodel */,
			);
			currentVersion = 33DE5539206598FB00910402 /* TrackOFF.xcdatamodel */;
			path = TrackOFF.xcdatamodeld;
			sourceTree = "<group>";
			versionGroupType = wrapper.xcdatamodel;
		};
/* End XCVersionGroup section */
	};
	rootObject = 33DE5526206598FB00910402 /* Project object */;
}
